# THIS IS AN AUTOGENERATED FILE. DO NOT EDIT THIS FILE DIRECTLY.
# yarn lockfile v1


create-vite@^6.1.0:
  version "6.1.0"
  resolved "https://registry.npmmirror.com/create-vite/-/create-vite-6.1.0.tgz#2938aedaebe40a7fc3710bb8cfd932fedf4a4150"
  integrity sha512-PEwkB4QDnYI79Yq/1/y5ygaeR/GlVan+gumGc5a5S0Z8YOx6Ig18FG88zYN3pFDRUqlA7T218ZktPgD7fz8SnA==

create-vue@^3.12.2:
  version "3.12.2"
  resolved "https://registry.npmmirror.com/create-vue/-/create-vue-3.12.2.tgz#0d355a72c98191d11902eb8143ad714b17cdffcd"
  integrity sha512-x6KX4gV5QFmFMMAeDM5AKYDb8y6PWKkqqKOoE8Z+l+nUz41P4sJ9TVQZyx81xIo9I3IEVOHbMODWGz7KfQwc/g==
